
Microsoft Visual Studio Solution File, Format Version 12.00
# Visual Studio Version 17
VisualStudioVersion = 17.12.35506.116 d17.12
MinimumVisualStudioVersion = 10.0.40219.1
Project("{FAE04EC0-301F-11D3-BF4B-00C04F79EFBC}") = "TestDb", "TestDb\TestDb.csproj", "{36B565AE-A930-4016-A01D-E35D787E13F3}"
EndProject
Project("{FAE04EC0-301F-11D3-BF4B-00C04F79EFBC}") = "DataAccess", "DataAccess\DataAccess.csproj", "{8ABACDE4-866A-40FA-8DE9-B7A11820A39D}"
EndProject
Global
	GlobalSection(SolutionConfigurationPlatforms) = preSolution
		Debug|Any CPU = Debug|Any CPU
		Release|Any CPU = Release|Any CPU
	EndGlobalSection
	GlobalSection(ProjectConfigurationPlatforms) = postSolution
		{36B565AE-A930-4016-A01D-E35D787E13F3}.Debug|Any CPU.ActiveCfg = Debug|Any CPU
		{36B565AE-A930-4016-A01D-E35D787E13F3}.Debug|Any CPU.Build.0 = Debug|Any CPU
		{36B565AE-A930-4016-A01D-E35D787E13F3}.Release|Any CPU.ActiveCfg = Release|Any CPU
		{36B565AE-A930-4016-A01D-E35D787E13F3}.Release|Any CPU.Build.0 = Release|Any CPU
		{8ABACDE4-866A-40FA-8DE9-B7A11820A39D}.Debug|Any CPU.ActiveCfg = Debug|Any CPU
		{8ABACDE4-866A-40FA-8DE9-B7A11820A39D}.Debug|Any CPU.Build.0 = Debug|Any CPU
		{8ABACDE4-866A-40FA-8DE9-B7A11820A39D}.Release|Any CPU.ActiveCfg = Release|Any CPU
		{8ABACDE4-866A-40FA-8DE9-B7A11820A39D}.Release|Any CPU.Build.0 = Release|Any CPU
	EndGlobalSection
	GlobalSection(SolutionProperties) = preSolution
		HideSolutionNode = FALSE
	EndGlobalSection
EndGlobal
